schema: '2.0'
stages:
  stage_01:
    cmd: python stage_01.py
    deps:
    - path: stage_01.py
      hash: md5
      md5: 56657e8cba05c99ff0bbffc7db5bcf6b
      size: 89
    outs:
    - path: artifact.txt
      hash: md5
      md5: 001b84b9e8b489e6c1be656ee2511d33
      size: 35
  stage_02:
    cmd: python stage_02.py
    deps:
    - path: artifact.txt
      hash: md5
      md5: 001b84b9e8b489e6c1be656ee2511d33
      size: 35
    - path: stage_02.py
      hash: md5
      md5: 0606f85fd7ea5b82004201cd6883ddda
      size: 140
  stage_03:
    cmd: python stage_03.py
    deps:
    - path: artifact.txt
      hash: md5
      md5: 2ed9f43338b9a916da45e4afa524fc61
      size: 56
    - path: stage_03.py
      hash: md5
      md5: dc8c1245caa56f3bec112a7ea3952e4a
      size: 203
